<Solution>
  <Project Path="CsharpLecture2Practice.Core/CsharpLecture2Practice.Core.csproj" />
  <Project Path="CsharpLecture2Practice.Tests/CsharpLecture2Practice.Tests.csproj" />
  <Project Path="Task1/Task1.csproj" />
  <Project Path="Task2/Task2.csproj" />
  <Project Path="Task3/Task3.csproj" />
  <Project Path="Task4/Task4.csproj" />
  <Project Path="Task5/Task5.csproj" />
</Solution>
